
Microsoft Visual Studio Solution File, Format Version 12.00
# Visual Studio Version 17
VisualStudioVersion = 17.6.33829.357
MinimumVisualStudioVersion = 10.0.40219.1
Project("{8BC9CEB8-8B4A-11D0-8D11-00A0C91BC942}") = "221026899_Mnguni_CC2", "221026899_Mnguni_CC2.vcxproj", "{30B02461-A3BA-46FE-9297-723269A190D0}"
EndProject
Global
	GlobalSection(SolutionConfigurationPlatforms) = preSolution
		Debug|x64 = Debug|x64
		Debug|x86 = Debug|x86
		Release|x64 = Release|x64
		Release|x86 = Release|x86
	EndGlobalSection
	GlobalSection(ProjectConfigurationPlatforms) = postSolution
		{30B02461-A3BA-46FE-9297-723269A190D0}.Debug|x64.ActiveCfg = Debug|x64
		{30B02461-A3BA-46FE-9297-723269A190D0}.Debug|x64.Build.0 = Debug|x64
		{30B02461-A3BA-46FE-9297-723269A190D0}.Debug|x86.ActiveCfg = Debug|Win32
		{30B02461-A3BA-46FE-9297-723269A190D0}.Debug|x86.Build.0 = Debug|Win32
		{30B02461-A3BA-46FE-9297-723269A190D0}.Release|x64.ActiveCfg = Release|x64
		{30B02461-A3BA-46FE-9297-723269A190D0}.Release|x64.Build.0 = Release|x64
		{30B02461-A3BA-46FE-9297-723269A190D0}.Release|x86.ActiveCfg = Release|Win32
		{30B02461-A3BA-46FE-9297-723269A190D0}.Release|x86.Build.0 = Release|Win32
	EndGlobalSection
	GlobalSection(SolutionProperties) = preSolution
		HideSolutionNode = FALSE
	EndGlobalSection
	GlobalSection(ExtensibilityGlobals) = postSolution
		SolutionGuid = {DA4BD5EA-D224-4856-832D-339B96709FC8}
	EndGlobalSection
EndGlobal
